
Microsoft Visual Studio Solution File, Format Version 12.00
# Visual Studio Version 17
VisualStudioVersion = 17.4.33205.214
MinimumVisualStudioVersion = 10.0.40219.1
Project("{9A19103F-16F7-4668-BE54-9A1E7A4F7556}") = "SwaggerUI_Personalized_Net6", "SwaggerUI_Personalized_Net6.csproj", "{CE0B9B1B-A093-47F3-81FC-3CBED1C27C8B}"
EndProject
Global
	GlobalSection(SolutionConfigurationPlatforms) = preSolution
		Debug|Any CPU = Debug|Any CPU
		Release|Any CPU = Release|Any CPU
	EndGlobalSection
	GlobalSection(ProjectConfigurationPlatforms) = postSolution
		{CE0B9B1B-A093-47F3-81FC-3CBED1C27C8B}.Debug|Any CPU.ActiveCfg = Debug|Any CPU
		{CE0B9B1B-A093-47F3-81FC-3CBED1C27C8B}.Debug|Any CPU.Build.0 = Debug|Any CPU
		{CE0B9B1B-A093-47F3-81FC-3CBED1C27C8B}.Release|Any CPU.ActiveCfg = Release|Any CPU
		{CE0B9B1B-A093-47F3-81FC-3CBED1C27C8B}.Release|Any CPU.Build.0 = Release|Any CPU
	EndGlobalSection
	GlobalSection(SolutionProperties) = preSolution
		HideSolutionNode = FALSE
	EndGlobalSection
	GlobalSection(ExtensibilityGlobals) = postSolution
		SolutionGuid = {6B030176-0F79-4EF2-A870-1A646F801672}
	EndGlobalSection
EndGlobal
